// !$*UTF8*$!
{
	archiveVersion = 1;
	classes = {
	};
	objectVersion = 46;
	objects = {

/* Begin PBXBuildFile section */
		3E91A1181AE7000300F98BD4 /* AppDelegate.swift in Sources */ = {isa = PBXBuildFile; fileRef = 3E91A1171AE7000300F98BD4 /* AppDelegate.swift */; };
		3E91A11A1AE7000300F98BD4 /* ViewController.swift in Sources */ = {isa = PBXBuildFile; fileRef = 3E91A1191AE7000300F98BD4 /* ViewController.swift */; };
		3E91A11D1AE7000300F98BD4 /* Main.storyboard in Resources */ = {isa = PBXBuildFile; fileRef = 3E91A11B1AE7000300F98BD4 /* Main.storyboard */; };
		3E91A11F1AE7000300F98BD4 /* Images.xcassets in Resources */ = {isa = PBXBuildFile; fileRef = 3E91A11E1AE7000300F98BD4 /* Images.xcassets */; };
		3E91A1221AE7000300F98BD4 /* LaunchScreen.xib in Resources */ = {isa = PBXBuildFile; fileRef = 3E91A1201AE7000300F98BD4 /* LaunchScreen.xib */; };
		3E91A12E1AE7000300F98BD4 /* starchartfinalTests.swift in Sources */ = {isa = PBXBuildFile; fileRef = 3E91A12D1AE7000300F98BD4 /* starchartfinalTests.swift */; };
/* End PBXBuildFile section */

/* Begin PBXContainerItemProxy section */
		3E91A1281AE7000300F98BD4 /* PBXContainerItemProxy */ = {
			isa = PBXContainerItemProxy;
			containerPortal = 3E91A10A1AE7000300F98BD4 /* Project object */;
			proxyType = 1;
			remoteGlobalIDString = 3E91A1111AE7000300F98BD4;
			remoteInfo = starchartfinal;
		};
/* End PBXContainerItemProxy section */

/* Begin PBXFileReference section */
		3E91A1121AE7000300F98BD4 /* starchartfinal.app */ = {isa = PBXFileReference; explicitFileType = wrapper.application; includeInIndex = 0; path = starchartfinal.app; sourceTree = BUILT_PRODUCTS_DIR; };
		3E91A1161AE7000300F98BD4 /* Info.plist */ = {isa = PBXFileReference; lastKnownFileType = text.plist.xml; path = Info.plist; sourceTree = "<group>"; };
		3E91A1171AE7000300F98BD4 /* AppDelegate.swift */ = {isa = PBXFileReference; lastKnownFileType = sourcecode.swift; path = AppDelegate.swift; sourceTree = "<group>"; };
		3E91A1191AE7000300F98BD4 /* ViewController.swift */ = {isa = PBXFileReference; lastKnownFileType = sourcecode.swift; path = ViewController.swift; sourceTree = "<group>"; };
		3E91A11C1AE7000300F98BD4 /* Base */ = {isa = PBXFileReference; lastKnownFileType = file.storyboard; name = Base; path = Base.lproj/Main.storyboard; sourceTree = "<group>"; };
		3E91A11E1AE7000300F98BD4 /* Images.xcassets */ = {isa = PBXFileReference; lastKnownFileType = folder.assetcatalog; path = Images.xcassets; sourceTree = "<group>"; };
		3E91A1211AE7000300F98BD4 /* Base */ = {isa = PBXFileReference; lastKnownFileType = file.xib; name = Base; path = Base.lproj/LaunchScreen.xib; sourceTree = "<group>"; };
		3E91A1271AE7000300F98BD4 /* starchartfinalTests.xctest */ = {isa = PBXFileReference; explicitFileType = wrapper.cfbundle; includeInIndex = 0; path = starchartfinalTests.xctest; sourceTree = BUILT_PRODUCTS_DIR; };
		3E91A12C1AE7000300F98BD4 /* Info.plist */ = {isa = PBXFileReference; lastKnownFileType = text.plist.xml; path = Info.plist; sourceTree = "<group>"; };
		3E91A12D1AE7000300F98BD4 /* starchartfinalTests.swift */ = {isa = PBXFileReference; lastKnownFileType = sourcecode.swift; path = starchartfinalTests.swift; sourceTree = "<group>"; };
/* End PBXFileReference section */

/* Begin PBXFrameworksBuildPhase section */
		3E91A10F1AE7000300F98BD4 /* Frameworks */ = {
			isa = PBXFrameworksBuildPhase;
			buildActionMask = 2147483647;
			files = (
			);
			runOnlyForDeploymentPostprocessing = 0;
		};
		3E91A1241AE7000300F98BD4 /* Frameworks */ = {
			isa = PBXFrameworksBuildPhase;
			buildActionMask = 2147483647;
			files = (
			);
			runOnlyForDeploymentPostprocessing = 0;
		};
/* End PBXFrameworksBuildPhase section */

/* Begin PBXGroup section */
		3E91A1091AE7000300F98BD4 = {
			isa = PBXGroup;
			children = (
				3E91A1141AE7000300F98BD4 /* starchartfinal */,
				3E91A12A1AE7000300F98BD4 /* starchartfinalTests */,
				3E91A1131AE7000300F98BD4 /* Products */,
			);
			sourceTree = "<group>";
		};
		3E91A1131AE7000300F98BD4 /* Products */ = {
			isa = PBXGroup;
			children = (
				3E91A1121AE7000300F98BD4 /* starchartfinal.app */,
				3E91A1271AE7000300F98BD4 /* starchartfinalTests.xctest */,
			);
			name = Products;
			sourceTree = "<group>";
		};
		3E91A1141AE7000300F98BD4 /* starchartfinal */ = {
			isa = PBXGroup;
			children = (
				3E91A1171AE7000300F98BD4 /* AppDelegate.swift */,
				3E91A1191AE7000300F98BD4 /* ViewController.swift */,
				3E91A11B1AE7000300F98BD4 /* Main.storyboard */,
				3E91A11E1AE7000300F98BD4 /* Images.xcassets */,
				3E91A1201AE7000300F98BD4 /* LaunchScreen.xib */,
				3E91A1151AE7000300F98BD4 /* Supporting Files */,
			);
			path = starchartfinal;
			sourceTree = "<group>";
		};
		3E91A1151AE7000300F98BD4 /* Supporting Files */ = {
			isa = PBXGroup;
			children = (
				3E91A1161AE7000300F98BD4 /* Info.plist */,
			);
			name = "Supporting Files";
			sourceTree = "<group>";
		};
		3E91A12A1AE7000300F98BD4 /* starchartfinalTests */ = {
			isa = PBXGroup;
			children = (
				3E91A12D1AE7000300F98BD4 /* starchartfinalTests.swift */,
				3E91A12B1AE7000300F98BD4 /* Supporting Files */,
			);
			path = starchartfinalTests;
			sourceTree = "<group>";
		};
		3E91A12B1AE7000300F98BD4 /* Supporting Files */ = {
			isa = PBXGroup;
			children = (
				3E91A12C1AE7000300F98BD4 /* Info.plist */,
			);
			name = "Supporting Files";
			sourceTree = "<group>";
		};
/* End PBXGroup section */

/* Begin PBXNativeTarget section */
		3E91A1111AE7000300F98BD4 /* starchartfinal */ = {
			isa = PBXNativeTarget;
			buildConfigurationList = 3E91A1311AE7000300F98BD4 /* Build configuration list for PBXNativeTarget "starchartfinal" */;
			buildPhases = (
				3E91A10E1AE7000300F98BD4 /* Sources */,
				3E91A10F1AE7000300F98BD4 /* Frameworks */,
				3E91A1101AE7000300F98BD4 /* Resources */,
			);
			buildRules = (
			);
			dependencies = (
			);
			name = starchartfinal;
			productName = starchartfinal;
			productReference = 3E91A1121AE7000300F98BD4 /* starchartfinal.app */;
			productType = "com.apple.product-type.application";
		};
		3E91A1261AE7000300F98BD4 /* starchartfinalTests */ = {
			isa = PBXNativeTarget;
			buildConfigurationList = 3E91A1341AE7000300F98BD4 /* Build configuration list for PBXNativeTarget "starchartfinalTests" */;
			buildPhases = (
				3E91A1231AE7000300F98BD4 /* Sources */,
				3E91A1241AE7000300F98BD4 /* Frameworks */,
				3E91A1251AE7000300F98BD4 /* Resources */,
			);
			buildRules = (
			);
			dependencies = (
				3E91A1291AE7000300F98BD4 /* PBXTargetDependency */,
			);
			name = starchartfinalTests;
			productName = starchartfinalTests;
			productReference = 3E91A1271AE7000300F98BD4 /* starchartfinalTests.xctest */;
			productType = "com.apple.product-type.bundle.unit-test";
		};
/* End PBXNativeTarget section */

/* Begin PBXProject section */
		3E91A10A1AE7000300F98BD4 /* Project object */ = {
			isa = PBXProject;
			attributes = {
				LastUpgradeCheck = 0630;
				ORGANIZATIONNAME = "Alexandra Beall";
				TargetAttributes = {
					3E91A1111AE7000300F98BD4 = {
						CreatedOnToolsVersion = 6.3;
					};
					3E91A1261AE7000300F98BD4 = {
						CreatedOnToolsVersion = 6.3;
						TestTargetID = 3E91A1111AE7000300F98BD4;
					};
				};
			};
			buildConfigurationList = 3E91A10D1AE7000300F98BD4 /* Build configuration list for PBXProject "starchartfinal" */;
			compatibilityVersion = "Xcode 3.2";
			developmentRegion = English;
			hasScannedForEncodings = 0;
			knownRegions = (
				en,
				Base,
			);
			mainGroup = 3E91A1091AE7000300F98BD4;
			productRefGroup = 3E91A1131AE7000300F98BD4 /* Products */;
			projectDirPath = "";
			projectRoot = "";
			targets = (
				3E91A1111AE7000300F98BD4 /* starchartfinal */,
				3E91A1261AE7000300F98BD4 /* starchartfinalTests */,
			);
		};
/* End PBXProject section */

/* Begin PBXResourcesBuildPhase section */
		3E91A1101AE7000300F98BD4 /* Resources */ = {
			isa = PBXResourcesBuildPhase;
			buildActionMask = 2147483647;
			files = (
				3E91A11D1AE7000300F98BD4 /* Main.storyboard in Resources */,
				3E91A1221AE7000300F98BD4 /* LaunchScreen.xib in Resources */,
				3E91A11F1AE7000300F98BD4 /* Images.xcassets in Resources */,
			);
			runOnlyForDeploymentPostprocessing = 0;
		};
		3E91A1251AE7000300F98BD4 /* Resources */ = {
			isa = PBXResourcesBuildPhase;
			buildActionMask = 2147483647;
			files = (
			);
			runOnlyForDeploymentPostprocessing = 0;
		};
/* End PBXResourcesBuildPhase section */

/* Begin PBXSourcesBuildPhase section */
		3E91A10E1AE7000300F98BD4 /* Sources */ = {
			isa = PBXSourcesBuildPhase;
			buildActionMask = 2147483647;
			files = (
				3E91A11A1AE7000300F98BD4 /* ViewController.swift in Sources */,
				3E91A1181AE7000300F98BD4 /* AppDelegate.swift in Sources */,
			);
			runOnlyForDeploymentPostprocessing = 0;
		};
		3E91A1231AE7000300F98BD4 /* Sources */ = {
			isa = PBXSourcesBuildPhase;
			buildActionMask = 2147483647;
			files = (
				3E91A12E1AE7000300F98BD4 /* starchartfinalTests.swift in Sources */,
			);
			runOnlyForDeploymentPostprocessing = 0;
		};
/* End PBXSourcesBuildPhase section */

/* Begin PBXTargetDependency section */
		3E91A1291AE7000300F98BD4 /* PBXTargetDependency */ = {
			isa = PBXTargetDependency;
			target = 3E91A1111AE7000300F98BD4 /* starchartfinal */;
			targetProxy = 3E91A1281AE7000300F98BD4 /* PBXContainerItemProxy */;
		};
/* End PBXTargetDependency section */

/* Begin PBXVariantGroup section */
		3E91A11B1AE7000300F98BD4 /* Main.storyboard */ = {
			isa = PBXVariantGroup;
			children = (
				3E91A11C1AE7000300F98BD4 /* Base */,
			);
			name = Main.storyboard;
			sourceTree = "<group>";
		};
		3E91A1201AE7000300F98BD4 /* LaunchScreen.xib */ = {
			isa = PBXVariantGroup;
			children = (
				3E91A1211AE7000300F98BD4 /* Base */,
			);
			name = LaunchScreen.xib;
			sourceTree = "<group>";
		};
/* End PBXVariantGroup section */

/* Begin XCBuildConfiguration section */
		3E91A12F1AE7000300F98BD4 /* Debug */ = {
			isa = XCBuildConfiguration;
			buildSettings = {
				ALWAYS_SEARCH_USER_PATHS = NO;
				CLANG_CXX_LANGUAGE_STANDARD = "gnu++0x";
				CLANG_CXX_LIBRARY = "libc++";
				CLANG_ENABLE_MODULES = YES;
				CLANG_ENABLE_OBJC_ARC = YES;
				CLANG_WARN_BOOL_CONVERSION = YES;
				CLANG_WARN_CONSTANT_CONVERSION = YES;
				CLANG_WARN_DIRECT_OBJC_ISA_USAGE = YES_ERROR;
				CLANG_WARN_EMPTY_BODY = YES;
				CLANG_WARN_ENUM_CONVERSION = YES;
				CLANG_WARN_INT_CONVERSION = YES;
				CLANG_WARN_OBJC_ROOT_CLASS = YES_ERROR;
				CLANG_WARN_UNREACHABLE_CODE = YES;
				CLANG_WARN__DUPLICATE_METHOD_MATCH = YES;
				"CODE_SIGN_IDENTITY[sdk=iphoneos*]" = "iPhone Developer";
				COPY_PHASE_STRIP = NO;
				DEBUG_INFORMATION_FORMAT = "dwarf-with-dsym";
				ENABLE_STRICT_OBJC_MSGSEND = YES;
				GCC_C_LANGUAGE_STANDARD = gnu99;
				GCC_DYNAMIC_NO_PIC = NO;
				GCC_NO_COMMON_BLOCKS = YES;
				GCC_OPTIMIZATION_LEVEL = 0;
				GCC_PREPROCESSOR_DEFINITIONS = (
					"DEBUG=1",
					"$(inherited)",
				);
				GCC_SYMBOLS_PRIVATE_EXTERN = NO;
				GCC_WARN_64_TO_32_BIT_CONVERSION = YES;
				GCC_WARN_ABOUT_RETURN_TYPE = YES_ERROR;
				GCC_WARN_UNDECLARED_SELECTOR = YES;
				GCC_WARN_UNINITIALIZED_AUTOS = YES_AGGRESSIVE;
				GCC_WARN_UNUSED_FUNCTION = YES;
				GCC_WARN_UNUSED_VARIABLE = YES;
				IPHONEOS_DEPLOYMENT_TARGET = 8.3;
				MTL_ENABLE_DEBUG_INFO = YES;
				ONLY_ACTIVE_ARCH = YES;
				SDKROOT = iphoneos;
				SWIFT_OPTIMIZATION_LEVEL = "-Onone";
				TARGETED_DEVICE_FAMILY = 2;
			};
			name = Debug;
		};
		3E91A1301AE7000300F98BD4 /* Release */ = {
			isa = XCBuildConfiguration;
			buildSettings = {
				ALWAYS_SEARCH_USER_PATHS = NO;
				CLANG_CXX_LANGUAGE_STANDARD = "gnu++0x";
				CLANG_CXX_LIBRARY = "libc++";
				CLANG_ENABLE_MODULES = YES;
				CLANG_ENABLE_OBJC_ARC = YES;
				CLANG_WARN_BOOL_CONVERSION = YES;
				CLANG_WARN_CONSTANT_CONVERSION = YES;
				CLANG_WARN_DIRECT_OBJC_ISA_USAGE = YES_ERROR;
				CLANG_WARN_EMPTY_BODY = YES;
				CLANG_WARN_ENUM_CONVERSION = YES;
				CLANG_WARN_INT_CONVERSION = YES;
				CLANG_WARN_OBJC_ROOT_CLASS = YES_ERROR;
				CLANG_WARN_UNREACHABLE_CODE = YES;
				CLANG_WARN__DUPLICATE_METHOD_MATCH = YES;
				"CODE_SIGN_IDENTITY[sdk=iphoneos*]" = "iPhone Developer";
				COPY_PHASE_STRIP = NO;
				DEBUG_INFORMATION_FORMAT = "dwarf-with-dsym";
				ENABLE_NS_ASSERTIONS = NO;
				ENABLE_STRICT_OBJC_MSGSEND = YES;
				GCC_C_LANGUAGE_STANDARD = gnu99;
				GCC_NO_COMMON_BLOCKS = YES;
				GCC_WARN_64_TO_32_BIT_CONVERSION = YES;
				GCC_WARN_ABOUT_RETURN_TYPE = YES_ERROR;
				GCC_WARN_UNDECLARED_SELECTOR = YES;
				GCC_WARN_UNINITIALIZED_AUTOS = YES_AGGRESSIVE;
				GCC_WARN_UNUSED_FUNCTION = YES;
				GCC_WARN_UNUSED_VARIABLE = YES;
				IPHONEOS_DEPLOYMENT_TARGET = 8.3;
				MTL_ENABLE_DEBUG_INFO = NO;
				SDKROOT = iphoneos;
				TARGETED_DEVICE_FAMILY = 2;
				VALIDATE_PRODUCT = YES;
			};
			name = Release;
		};
		3E91A1321AE7000300F98BD4 /* Debug */ = {
			isa = XCBuildConfiguration;
			buildSettings = {
				ASSETCATALOG_COMPILER_APPICON_NAME = AppIcon;
				INFOPLIST_FILE = starchartfinal/Info.plist;
				LD_RUNPATH_SEARCH_PATHS = "$(inherited) @executable_path/Frameworks";
				PRODUCT_NAME = "$(TARGET_NAME)";
			};
			name = Debug;
		};
		3E91A1331AE7000300F98BD4 /* Release */ = {
			isa = XCBuildConfiguration;
			buildSettings = {
				ASSETCATALOG_COMPILER_APPICON_NAME = AppIcon;
				INFOPLIST_FILE = starchartfinal/Info.plist;
				LD_RUNPATH_SEARCH_PATHS = "$(inherited) @executable_path/Frameworks";
				PRODUCT_NAME = "$(TARGET_NAME)";
			};
			name = Release;
		};
		3E91A1351AE7000300F98BD4 /* Debug */ = {
			isa = XCBuildConfiguration;
			buildSettings = {
				BUNDLE_LOADER = "$(TEST_HOST)";
				FRAMEWORK_SEARCH_PATHS = (
					"$(SDKROOT)/Developer/Library/Frameworks",
					"$(inherited)",
				);
				GCC_PREPROCESSOR_DEFINITIONS = (
					"DEBUG=1",
					"$(inherited)",
				);
				INFOPLIST_FILE = starchartfinalTests/Info.plist;
				LD_RUNPATH_SEARCH_PATHS = "$(inherited) @executable_path/Frameworks @loader_path/Frameworks";
				PRODUCT_NAME = "$(TARGET_NAME)";
				TEST_HOST = "$(BUILT_PRODUCTS_DIR)/starchartfinal.app/starchartfinal";
			};
			name = Debug;
		};
		3E91A1361AE7000300F98BD4 /* Release */ = {
			isa = XCBuildConfiguration;
			buildSettings = {
				BUNDLE_LOADER = "$(TEST_HOST)";
				FRAMEWORK_SEARCH_PATHS = (
					"$(SDKROOT)/Developer/Library/Frameworks",
					"$(inherited)",
				);
				INFOPLIST_FILE = starchartfinalTests/Info.plist;
				LD_RUNPATH_SEARCH_PATHS = "$(inherited) @executable_path/Frameworks @loader_path/Frameworks";
				PRODUCT_NAME = "$(TARGET_NAME)";
				TEST_HOST = "$(BUILT_PRODUCTS_DIR)/starchartfinal.app/starchartfinal";
			};
			name = Release;
		};
/* End XCBuildConfiguration section */

/* Begin XCConfigurationList section */
		3E91A10D1AE7000300F98BD4 /* Build configuration list for PBXProject "starchartfinal" */ = {
			isa = XCConfigurationList;
			buildConfigurations = (
				3E91A12F1AE7000300F98BD4 /* Debug */,
				3E91A1301AE7000300F98BD4 /* Release */,
			);
			defaultConfigurationIsVisible = 0;
			defaultConfigurationName = Release;
		};
		3E91A1311AE7000300F98BD4 /* Build configuration list for PBXNativeTarget "starchartfinal" */ = {
			isa = XCConfigurationList;
			buildConfigurations = (
				3E91A1321AE7000300F98BD4 /* Debug */,
				3E91A1331AE7000300F98BD4 /* Release */,
			);
			defaultConfigurationIsVisible = 0;
		};
		3E91A1341AE7000300F98BD4 /* Build configuration list for PBXNativeTarget "starchartfinalTests" */ = {
			isa = XCConfigurationList;
			buildConfigurations = (
				3E91A1351AE7000300F98BD4 /* Debug */,
				3E91A1361AE7000300F98BD4 /* Release */,
			);
			defaultConfigurationIsVisible = 0;
		};
/* End XCConfigurationList section */
	};
	rootObject = 3E91A10A1AE7000300F98BD4 /* Project object */;
}
