// !$*UTF8*$!
{
	archiveVersion = 1;
	classes = {
	};
	objectVersion = 46;
	objects = {

/* Begin PBXBuildFile section */
		3E91A0D01AE2355600F98BD4 /* AppDelegate.swift in Sources */ = {isa = PBXBuildFile; fileRef = 3E91A0CF1AE2355600F98BD4 /* AppDelegate.swift */; };
		3E91A0D21AE2355600F98BD4 /* ViewController.swift in Sources */ = {isa = PBXBuildFile; fileRef = 3E91A0D11AE2355600F98BD4 /* ViewController.swift */; };
		3E91A0D51AE2355600F98BD4 /* Main.storyboard in Resources */ = {isa = PBXBuildFile; fileRef = 3E91A0D31AE2355600F98BD4 /* Main.storyboard */; };
		3E91A0D71AE2355600F98BD4 /* Images.xcassets in Resources */ = {isa = PBXBuildFile; fileRef = 3E91A0D61AE2355600F98BD4 /* Images.xcassets */; };
		3E91A0DA1AE2355600F98BD4 /* LaunchScreen.xib in Resources */ = {isa = PBXBuildFile; fileRef = 3E91A0D81AE2355600F98BD4 /* LaunchScreen.xib */; };
		3E91A0E61AE2355600F98BD4 /* starChartTests.swift in Sources */ = {isa = PBXBuildFile; fileRef = 3E91A0E51AE2355600F98BD4 /* starChartTests.swift */; };
		3E91A0F01AE3274100F98BD4 /* unclickedStar.png in Resources */ = {isa = PBXBuildFile; fileRef = 3E91A0EF1AE3274100F98BD4 /* unclickedStar.png */; };
		3E91A0F21AE3288D00F98BD4 /* starclicked.png in Resources */ = {isa = PBXBuildFile; fileRef = 3E91A0F11AE3288D00F98BD4 /* starclicked.png */; };
/* End PBXBuildFile section */

/* Begin PBXContainerItemProxy section */
		3E91A0E01AE2355600F98BD4 /* PBXContainerItemProxy */ = {
			isa = PBXContainerItemProxy;
			containerPortal = 3E91A0C21AE2355600F98BD4 /* Project object */;
			proxyType = 1;
			remoteGlobalIDString = 3E91A0C91AE2355600F98BD4;
			remoteInfo = starChart;
		};
/* End PBXContainerItemProxy section */

/* Begin PBXFileReference section */
		3E91A0CA1AE2355600F98BD4 /* starChart.app */ = {isa = PBXFileReference; explicitFileType = wrapper.application; includeInIndex = 0; path = starChart.app; sourceTree = BUILT_PRODUCTS_DIR; };
		3E91A0CE1AE2355600F98BD4 /* Info.plist */ = {isa = PBXFileReference; lastKnownFileType = text.plist.xml; path = Info.plist; sourceTree = "<group>"; };
		3E91A0CF1AE2355600F98BD4 /* AppDelegate.swift */ = {isa = PBXFileReference; lastKnownFileType = sourcecode.swift; path = AppDelegate.swift; sourceTree = "<group>"; };
		3E91A0D11AE2355600F98BD4 /* ViewController.swift */ = {isa = PBXFileReference; lastKnownFileType = sourcecode.swift; path = ViewController.swift; sourceTree = "<group>"; };
		3E91A0D41AE2355600F98BD4 /* Base */ = {isa = PBXFileReference; lastKnownFileType = file.storyboard; name = Base; path = Base.lproj/Main.storyboard; sourceTree = "<group>"; };
		3E91A0D61AE2355600F98BD4 /* Images.xcassets */ = {isa = PBXFileReference; lastKnownFileType = folder.assetcatalog; path = Images.xcassets; sourceTree = "<group>"; };
		3E91A0D91AE2355600F98BD4 /* Base */ = {isa = PBXFileReference; lastKnownFileType = file.xib; name = Base; path = Base.lproj/LaunchScreen.xib; sourceTree = "<group>"; };
		3E91A0DF1AE2355600F98BD4 /* starChartTests.xctest */ = {isa = PBXFileReference; explicitFileType = wrapper.cfbundle; includeInIndex = 0; path = starChartTests.xctest; sourceTree = BUILT_PRODUCTS_DIR; };
		3E91A0E41AE2355600F98BD4 /* Info.plist */ = {isa = PBXFileReference; lastKnownFileType = text.plist.xml; path = Info.plist; sourceTree = "<group>"; };
		3E91A0E51AE2355600F98BD4 /* starChartTests.swift */ = {isa = PBXFileReference; lastKnownFileType = sourcecode.swift; path = starChartTests.swift; sourceTree = "<group>"; };
		3E91A0EF1AE3274100F98BD4 /* unclickedStar.png */ = {isa = PBXFileReference; lastKnownFileType = image.png; name = unclickedStar.png; path = ../../../../Desktop/unclickedStar.png; sourceTree = "<group>"; };
		3E91A0F11AE3288D00F98BD4 /* starclicked.png */ = {isa = PBXFileReference; lastKnownFileType = image.png; name = starclicked.png; path = ../../../../Desktop/starclicked.png; sourceTree = "<group>"; };
/* End PBXFileReference section */

/* Begin PBXFrameworksBuildPhase section */
		3E91A0C71AE2355600F98BD4 /* Frameworks */ = {
			isa = PBXFrameworksBuildPhase;
			buildActionMask = 2147483647;
			files = (
			);
			runOnlyForDeploymentPostprocessing = 0;
		};
		3E91A0DC1AE2355600F98BD4 /* Frameworks */ = {
			isa = PBXFrameworksBuildPhase;
			buildActionMask = 2147483647;
			files = (
			);
			runOnlyForDeploymentPostprocessing = 0;
		};
/* End PBXFrameworksBuildPhase section */

/* Begin PBXGroup section */
		3E91A0C11AE2355600F98BD4 = {
			isa = PBXGroup;
			children = (
				3E91A0CC1AE2355600F98BD4 /* starChart */,
				3E91A0E21AE2355600F98BD4 /* starChartTests */,
				3E91A0CB1AE2355600F98BD4 /* Products */,
				3E91A0EF1AE3274100F98BD4 /* unclickedStar.png */,
				3E91A0F11AE3288D00F98BD4 /* starclicked.png */,
			);
			sourceTree = "<group>";
		};
		3E91A0CB1AE2355600F98BD4 /* Products */ = {
			isa = PBXGroup;
			children = (
				3E91A0CA1AE2355600F98BD4 /* starChart.app */,
				3E91A0DF1AE2355600F98BD4 /* starChartTests.xctest */,
			);
			name = Products;
			sourceTree = "<group>";
		};
		3E91A0CC1AE2355600F98BD4 /* starChart */ = {
			isa = PBXGroup;
			children = (
				3E91A0CF1AE2355600F98BD4 /* AppDelegate.swift */,
				3E91A0D11AE2355600F98BD4 /* ViewController.swift */,
				3E91A0D31AE2355600F98BD4 /* Main.storyboard */,
				3E91A0D61AE2355600F98BD4 /* Images.xcassets */,
				3E91A0D81AE2355600F98BD4 /* LaunchScreen.xib */,
				3E91A0CD1AE2355600F98BD4 /* Supporting Files */,
			);
			path = starChart;
			sourceTree = "<group>";
		};
		3E91A0CD1AE2355600F98BD4 /* Supporting Files */ = {
			isa = PBXGroup;
			children = (
				3E91A0CE1AE2355600F98BD4 /* Info.plist */,
			);
			name = "Supporting Files";
			sourceTree = "<group>";
		};
		3E91A0E21AE2355600F98BD4 /* starChartTests */ = {
			isa = PBXGroup;
			children = (
				3E91A0E51AE2355600F98BD4 /* starChartTests.swift */,
				3E91A0E31AE2355600F98BD4 /* Supporting Files */,
			);
			path = starChartTests;
			sourceTree = "<group>";
		};
		3E91A0E31AE2355600F98BD4 /* Supporting Files */ = {
			isa = PBXGroup;
			children = (
				3E91A0E41AE2355600F98BD4 /* Info.plist */,
			);
			name = "Supporting Files";
			sourceTree = "<group>";
		};
/* End PBXGroup section */

/* Begin PBXNativeTarget section */
		3E91A0C91AE2355600F98BD4 /* starChart */ = {
			isa = PBXNativeTarget;
			buildConfigurationList = 3E91A0E91AE2355600F98BD4 /* Build configuration list for PBXNativeTarget "starChart" */;
			buildPhases = (
				3E91A0C61AE2355600F98BD4 /* Sources */,
				3E91A0C71AE2355600F98BD4 /* Frameworks */,
				3E91A0C81AE2355600F98BD4 /* Resources */,
			);
			buildRules = (
			);
			dependencies = (
			);
			name = starChart;
			productName = starChart;
			productReference = 3E91A0CA1AE2355600F98BD4 /* starChart.app */;
			productType = "com.apple.product-type.application";
		};
		3E91A0DE1AE2355600F98BD4 /* starChartTests */ = {
			isa = PBXNativeTarget;
			buildConfigurationList = 3E91A0EC1AE2355600F98BD4 /* Build configuration list for PBXNativeTarget "starChartTests" */;
			buildPhases = (
				3E91A0DB1AE2355600F98BD4 /* Sources */,
				3E91A0DC1AE2355600F98BD4 /* Frameworks */,
				3E91A0DD1AE2355600F98BD4 /* Resources */,
			);
			buildRules = (
			);
			dependencies = (
				3E91A0E11AE2355600F98BD4 /* PBXTargetDependency */,
			);
			name = starChartTests;
			productName = starChartTests;
			productReference = 3E91A0DF1AE2355600F98BD4 /* starChartTests.xctest */;
			productType = "com.apple.product-type.bundle.unit-test";
		};
/* End PBXNativeTarget section */

/* Begin PBXProject section */
		3E91A0C21AE2355600F98BD4 /* Project object */ = {
			isa = PBXProject;
			attributes = {
				LastUpgradeCheck = 0630;
				ORGANIZATIONNAME = "Alexandra Beall";
				TargetAttributes = {
					3E91A0C91AE2355600F98BD4 = {
						CreatedOnToolsVersion = 6.3;
					};
					3E91A0DE1AE2355600F98BD4 = {
						CreatedOnToolsVersion = 6.3;
						TestTargetID = 3E91A0C91AE2355600F98BD4;
					};
				};
			};
			buildConfigurationList = 3E91A0C51AE2355600F98BD4 /* Build configuration list for PBXProject "starChart" */;
			compatibilityVersion = "Xcode 3.2";
			developmentRegion = English;
			hasScannedForEncodings = 0;
			knownRegions = (
				en,
				Base,
			);
			mainGroup = 3E91A0C11AE2355600F98BD4;
			productRefGroup = 3E91A0CB1AE2355600F98BD4 /* Products */;
			projectDirPath = "";
			projectRoot = "";
			targets = (
				3E91A0C91AE2355600F98BD4 /* starChart */,
				3E91A0DE1AE2355600F98BD4 /* starChartTests */,
			);
		};
/* End PBXProject section */

/* Begin PBXResourcesBuildPhase section */
		3E91A0C81AE2355600F98BD4 /* Resources */ = {
			isa = PBXResourcesBuildPhase;
			buildActionMask = 2147483647;
			files = (
				3E91A0F21AE3288D00F98BD4 /* starclicked.png in Resources */,
				3E91A0F01AE3274100F98BD4 /* unclickedStar.png in Resources */,
				3E91A0D51AE2355600F98BD4 /* Main.storyboard in Resources */,
				3E91A0DA1AE2355600F98BD4 /* LaunchScreen.xib in Resources */,
				3E91A0D71AE2355600F98BD4 /* Images.xcassets in Resources */,
			);
			runOnlyForDeploymentPostprocessing = 0;
		};
		3E91A0DD1AE2355600F98BD4 /* Resources */ = {
			isa = PBXResourcesBuildPhase;
			buildActionMask = 2147483647;
			files = (
			);
			runOnlyForDeploymentPostprocessing = 0;
		};
/* End PBXResourcesBuildPhase section */

/* Begin PBXSourcesBuildPhase section */
		3E91A0C61AE2355600F98BD4 /* Sources */ = {
			isa = PBXSourcesBuildPhase;
			buildActionMask = 2147483647;
			files = (
				3E91A0D21AE2355600F98BD4 /* ViewController.swift in Sources */,
				3E91A0D01AE2355600F98BD4 /* AppDelegate.swift in Sources */,
			);
			runOnlyForDeploymentPostprocessing = 0;
		};
		3E91A0DB1AE2355600F98BD4 /* Sources */ = {
			isa = PBXSourcesBuildPhase;
			buildActionMask = 2147483647;
			files = (
				3E91A0E61AE2355600F98BD4 /* starChartTests.swift in Sources */,
			);
			runOnlyForDeploymentPostprocessing = 0;
		};
/* End PBXSourcesBuildPhase section */

/* Begin PBXTargetDependency section */
		3E91A0E11AE2355600F98BD4 /* PBXTargetDependency */ = {
			isa = PBXTargetDependency;
			target = 3E91A0C91AE2355600F98BD4 /* starChart */;
			targetProxy = 3E91A0E01AE2355600F98BD4 /* PBXContainerItemProxy */;
		};
/* End PBXTargetDependency section */

/* Begin PBXVariantGroup section */
		3E91A0D31AE2355600F98BD4 /* Main.storyboard */ = {
			isa = PBXVariantGroup;
			children = (
				3E91A0D41AE2355600F98BD4 /* Base */,
			);
			name = Main.storyboard;
			sourceTree = "<group>";
		};
		3E91A0D81AE2355600F98BD4 /* LaunchScreen.xib */ = {
			isa = PBXVariantGroup;
			children = (
				3E91A0D91AE2355600F98BD4 /* Base */,
			);
			name = LaunchScreen.xib;
			sourceTree = "<group>";
		};
/* End PBXVariantGroup section */

/* Begin XCBuildConfiguration section */
		3E91A0E71AE2355600F98BD4 /* Debug */ = {
			isa = XCBuildConfiguration;
			buildSettings = {
				ALWAYS_SEARCH_USER_PATHS = NO;
				CLANG_CXX_LANGUAGE_STANDARD = "gnu++0x";
				CLANG_CXX_LIBRARY = "libc++";
				CLANG_ENABLE_MODULES = YES;
				CLANG_ENABLE_OBJC_ARC = YES;
				CLANG_WARN_BOOL_CONVERSION = YES;
				CLANG_WARN_CONSTANT_CONVERSION = YES;
				CLANG_WARN_DIRECT_OBJC_ISA_USAGE = YES_ERROR;
				CLANG_WARN_EMPTY_BODY = YES;
				CLANG_WARN_ENUM_CONVERSION = YES;
				CLANG_WARN_INT_CONVERSION = YES;
				CLANG_WARN_OBJC_ROOT_CLASS = YES_ERROR;
				CLANG_WARN_UNREACHABLE_CODE = YES;
				CLANG_WARN__DUPLICATE_METHOD_MATCH = YES;
				"CODE_SIGN_IDENTITY[sdk=iphoneos*]" = "iPhone Developer";
				COPY_PHASE_STRIP = NO;
				DEBUG_INFORMATION_FORMAT = "dwarf-with-dsym";
				ENABLE_STRICT_OBJC_MSGSEND = YES;
				GCC_C_LANGUAGE_STANDARD = gnu99;
				GCC_DYNAMIC_NO_PIC = NO;
				GCC_NO_COMMON_BLOCKS = YES;
				GCC_OPTIMIZATION_LEVEL = 0;
				GCC_PREPROCESSOR_DEFINITIONS = (
					"DEBUG=1",
					"$(inherited)",
				);
				GCC_SYMBOLS_PRIVATE_EXTERN = NO;
				GCC_WARN_64_TO_32_BIT_CONVERSION = YES;
				GCC_WARN_ABOUT_RETURN_TYPE = YES_ERROR;
				GCC_WARN_UNDECLARED_SELECTOR = YES;
				GCC_WARN_UNINITIALIZED_AUTOS = YES_AGGRESSIVE;
				GCC_WARN_UNUSED_FUNCTION = YES;
				GCC_WARN_UNUSED_VARIABLE = YES;
				IPHONEOS_DEPLOYMENT_TARGET = 8.3;
				MTL_ENABLE_DEBUG_INFO = YES;
				ONLY_ACTIVE_ARCH = YES;
				SDKROOT = iphoneos;
				SWIFT_OPTIMIZATION_LEVEL = "-Onone";
				TARGETED_DEVICE_FAMILY = 2;
			};
			name = Debug;
		};
		3E91A0E81AE2355600F98BD4 /* Release */ = {
			isa = XCBuildConfiguration;
			buildSettings = {
				ALWAYS_SEARCH_USER_PATHS = NO;
				CLANG_CXX_LANGUAGE_STANDARD = "gnu++0x";
				CLANG_CXX_LIBRARY = "libc++";
				CLANG_ENABLE_MODULES = YES;
				CLANG_ENABLE_OBJC_ARC = YES;
				CLANG_WARN_BOOL_CONVERSION = YES;
				CLANG_WARN_CONSTANT_CONVERSION = YES;
				CLANG_WARN_DIRECT_OBJC_ISA_USAGE = YES_ERROR;
				CLANG_WARN_EMPTY_BODY = YES;
				CLANG_WARN_ENUM_CONVERSION = YES;
				CLANG_WARN_INT_CONVERSION = YES;
				CLANG_WARN_OBJC_ROOT_CLASS = YES_ERROR;
				CLANG_WARN_UNREACHABLE_CODE = YES;
				CLANG_WARN__DUPLICATE_METHOD_MATCH = YES;
				"CODE_SIGN_IDENTITY[sdk=iphoneos*]" = "iPhone Developer";
				COPY_PHASE_STRIP = NO;
				DEBUG_INFORMATION_FORMAT = "dwarf-with-dsym";
				ENABLE_NS_ASSERTIONS = NO;
				ENABLE_STRICT_OBJC_MSGSEND = YES;
				GCC_C_LANGUAGE_STANDARD = gnu99;
				GCC_NO_COMMON_BLOCKS = YES;
				GCC_WARN_64_TO_32_BIT_CONVERSION = YES;
				GCC_WARN_ABOUT_RETURN_TYPE = YES_ERROR;
				GCC_WARN_UNDECLARED_SELECTOR = YES;
				GCC_WARN_UNINITIALIZED_AUTOS = YES_AGGRESSIVE;
				GCC_WARN_UNUSED_FUNCTION = YES;
				GCC_WARN_UNUSED_VARIABLE = YES;
				IPHONEOS_DEPLOYMENT_TARGET = 8.3;
				MTL_ENABLE_DEBUG_INFO = NO;
				SDKROOT = iphoneos;
				TARGETED_DEVICE_FAMILY = 2;
				VALIDATE_PRODUCT = YES;
			};
			name = Release;
		};
		3E91A0EA1AE2355600F98BD4 /* Debug */ = {
			isa = XCBuildConfiguration;
			buildSettings = {
				ASSETCATALOG_COMPILER_APPICON_NAME = AppIcon;
				INFOPLIST_FILE = starChart/Info.plist;
				LD_RUNPATH_SEARCH_PATHS = "$(inherited) @executable_path/Frameworks";
				PRODUCT_NAME = "$(TARGET_NAME)";
			};
			name = Debug;
		};
		3E91A0EB1AE2355600F98BD4 /* Release */ = {
			isa = XCBuildConfiguration;
			buildSettings = {
				ASSETCATALOG_COMPILER_APPICON_NAME = AppIcon;
				INFOPLIST_FILE = starChart/Info.plist;
				LD_RUNPATH_SEARCH_PATHS = "$(inherited) @executable_path/Frameworks";
				PRODUCT_NAME = "$(TARGET_NAME)";
			};
			name = Release;
		};
		3E91A0ED1AE2355600F98BD4 /* Debug */ = {
			isa = XCBuildConfiguration;
			buildSettings = {
				BUNDLE_LOADER = "$(TEST_HOST)";
				FRAMEWORK_SEARCH_PATHS = (
					"$(SDKROOT)/Developer/Library/Frameworks",
					"$(inherited)",
				);
				GCC_PREPROCESSOR_DEFINITIONS = (
					"DEBUG=1",
					"$(inherited)",
				);
				INFOPLIST_FILE = starChartTests/Info.plist;
				LD_RUNPATH_SEARCH_PATHS = "$(inherited) @executable_path/Frameworks @loader_path/Frameworks";
				PRODUCT_NAME = "$(TARGET_NAME)";
				TEST_HOST = "$(BUILT_PRODUCTS_DIR)/starChart.app/starChart";
			};
			name = Debug;
		};
		3E91A0EE1AE2355600F98BD4 /* Release */ = {
			isa = XCBuildConfiguration;
			buildSettings = {
				BUNDLE_LOADER = "$(TEST_HOST)";
				FRAMEWORK_SEARCH_PATHS = (
					"$(SDKROOT)/Developer/Library/Frameworks",
					"$(inherited)",
				);
				INFOPLIST_FILE = starChartTests/Info.plist;
				LD_RUNPATH_SEARCH_PATHS = "$(inherited) @executable_path/Frameworks @loader_path/Frameworks";
				PRODUCT_NAME = "$(TARGET_NAME)";
				TEST_HOST = "$(BUILT_PRODUCTS_DIR)/starChart.app/starChart";
			};
			name = Release;
		};
/* End XCBuildConfiguration section */

/* Begin XCConfigurationList section */
		3E91A0C51AE2355600F98BD4 /* Build configuration list for PBXProject "starChart" */ = {
			isa = XCConfigurationList;
			buildConfigurations = (
				3E91A0E71AE2355600F98BD4 /* Debug */,
				3E91A0E81AE2355600F98BD4 /* Release */,
			);
			defaultConfigurationIsVisible = 0;
			defaultConfigurationName = Release;
		};
		3E91A0E91AE2355600F98BD4 /* Build configuration list for PBXNativeTarget "starChart" */ = {
			isa = XCConfigurationList;
			buildConfigurations = (
				3E91A0EA1AE2355600F98BD4 /* Debug */,
				3E91A0EB1AE2355600F98BD4 /* Release */,
			);
			defaultConfigurationIsVisible = 0;
			defaultConfigurationName = Release;
		};
		3E91A0EC1AE2355600F98BD4 /* Build configuration list for PBXNativeTarget "starChartTests" */ = {
			isa = XCConfigurationList;
			buildConfigurations = (
				3E91A0ED1AE2355600F98BD4 /* Debug */,
				3E91A0EE1AE2355600F98BD4 /* Release */,
			);
			defaultConfigurationIsVisible = 0;
			defaultConfigurationName = Release;
		};
/* End XCConfigurationList section */
	};
	rootObject = 3E91A0C21AE2355600F98BD4 /* Project object */;
}
